<?xml version="1.0" encoding="utf-8"?>
<Project ToolsVersion="4.0" xmlns="http://schemas.microsoft.com/developer/msbuild/2003">
  <ItemGroup>
    <Filter Include="Source Files">
      <UniqueIdentifier>{4FC737F1-C7A5-4376-A066-2A32D752A2FF}</UniqueIdentifier>
      <Extensions>cpp;c;cc;cxx;def;odl;idl;hpj;bat;asm;asmx</Extensions>
    </Filter>
    <Filter Include="Resource Files">
      <UniqueIdentifier>{67DA6AB6-F800-4c08-8B7A-83BB121AAD01}</UniqueIdentifier>
      <Extensions>rc;ico;cur;bmp;dlg;rc2;rct;bin;rgs;gif;jpg;jpeg;jpe;resx;tiff;tif;png;wav;mfcribbon-ms</Extensions>
    </Filter>
    <Filter Include="Source Files\core">
      <UniqueIdentifier>{ebc9912f-03bb-4dcf-a4ba-f447915fa71f}</UniqueIdentifier>
    </Filter>
    <Filter Include="Log Files">
      <UniqueIdentifier>{1ecb81cc-cd77-46ab-a2bc-05d8c311aa47}</UniqueIdentifier>
    </Filter>
    <Filter Include="Extend Files">
      <UniqueIdentifier>{93995380-89BD-4b04-88EB-625FBE52EBFB}</UniqueIdentifier>
      <Extensions>h;hh;hpp;hxx;hm;inl;inc;ipp;xsd</Extensions>
    </Filter>
    <Filter Include="Source Files\shapes">
      <UniqueIdentifier>{5ed22d41-2310-4b22-8e70-fd4c25b5a2d1}</UniqueIdentifier>
    </Filter>
    <Filter Include="Extend Files\lodepng">
      <UniqueIdentifier>{149acf9c-e34d-4c82-bb3b-9bb0ef518930}</UniqueIdentifier>
    </Filter>
  </ItemGroup>
  <ItemGroup>
    <ClCompile Include="..\src\core\bbox.cpp">
      <Filter>Source Files\core</Filter>
    </ClCompile>
    <ClCompile Include="..\src\core\common.cpp">
      <Filter>Source Files\core</Filter>
    </ClCompile>
    <ClCompile Include="..\src\core\frame.cpp">
      <Filter>Source Files\core</Filter>
    </ClCompile>
    <ClCompile Include="..\src\core\ray.cpp">
      <Filter>Source Files\core</Filter>
    </ClCompile>
    <ClCompile Include="..\src\core\transform.cpp">
      <Filter>Source Files\core</Filter>
    </ClCompile>
    <ClCompile Include="..\src\core\vector.cpp">
      <Filter>Source Files\core</Filter>
    </ClCompile>
    <ClCompile Include="..\src\main.cpp">
      <Filter>Source Files</Filter>
    </ClCompile>
    <ClCompile Include="..\src\core\error.cpp">
      <Filter>Source Files\core</Filter>
    </ClCompile>
    <ClCompile Include="..\src\core\shape.cpp">
      <Filter>Source Files\core</Filter>
    </ClCompile>
    <ClCompile Include="..\src\core\interaction.cpp">
      <Filter>Source Files\core</Filter>
    </ClCompile>
    <ClCompile Include="..\src\shapes\sphere.cpp">
      <Filter>Source Files\shapes</Filter>
    </ClCompile>
    <ClCompile Include="..\src\shapes\triangle.cpp">
      <Filter>Source Files\shapes</Filter>
    </ClCompile>
    <ClCompile Include="..\src\core\imageio.cpp">
      <Filter>Source Files\core</Filter>
    </ClCompile>
    <ClCompile Include="..\ext\lodepng\lodepng.cpp">
      <Filter>Extend Files\lodepng</Filter>
    </ClCompile>
    <ClCompile Include="..\src\core\spectrum.cpp">
      <Filter>Source Files\core</Filter>
    </ClCompile>
    <ClCompile Include="..\src\core\parser.cpp">
      <Filter>Source Files\core</Filter>
    </ClCompile>
  </ItemGroup>
  <ItemGroup>
    <ClInclude Include="..\src\core\bbox.h">
      <Filter>Source Files\core</Filter>
    </ClInclude>
    <ClInclude Include="..\src\core\common.h">
      <Filter>Source Files\core</Filter>
    </ClInclude>
    <ClInclude Include="..\src\core\frame.h">
      <Filter>Source Files\core</Filter>
    </ClInclude>
    <ClInclude Include="..\src\core\ray.h">
      <Filter>Source Files\core</Filter>
    </ClInclude>
    <ClInclude Include="..\src\core\transform.h">
      <Filter>Source Files\core</Filter>
    </ClInclude>
    <ClInclude Include="..\src\core\vector.h">
      <Filter>Source Files\core</Filter>
    </ClInclude>
    <ClInclude Include="..\src\core\error.h">
      <Filter>Source Files\core</Filter>
    </ClInclude>
    <ClInclude Include="..\ext\tinyformat.h">
      <Filter>Extend Files</Filter>
    </ClInclude>
    <ClInclude Include="..\src\core\shape.h">
      <Filter>Source Files\core</Filter>
    </ClInclude>
    <ClInclude Include="..\src\core\interaction.h">
      <Filter>Source Files\core</Filter>
    </ClInclude>
    <ClInclude Include="..\src\shapes\sphere.h">
      <Filter>Source Files\shapes</Filter>
    </ClInclude>
    <ClInclude Include="..\src\shapes\triangle.h">
      <Filter>Source Files\shapes</Filter>
    </ClInclude>
    <ClInclude Include="..\src\core\imageio.h">
      <Filter>Source Files\core</Filter>
    </ClInclude>
    <ClInclude Include="..\ext\lodepng\lodepng.h">
      <Filter>Extend Files\lodepng</Filter>
    </ClInclude>
    <ClInclude Include="..\src\core\spectrum.h">
      <Filter>Source Files\core</Filter>
    </ClInclude>
    <ClInclude Include="..\src\core\parser.h">
      <Filter>Source Files\core</Filter>
    </ClInclude>
  </ItemGroup>
  <ItemGroup>
    <None Include="..\log\20180811.md">
      <Filter>Log Files</Filter>
    </None>
    <None Include="..\log\20180813.md">
      <Filter>Log Files</Filter>
    </None>
    <None Include="..\log\20180814.md">
      <Filter>Log Files</Filter>
    </None>
    <None Include="..\log\20180815.md">
      <Filter>Log Files</Filter>
    </None>
    <None Include="..\log\20180820.md">
      <Filter>Log Files</Filter>
    </None>
    <None Include="..\log\20180822.md">
      <Filter>Log Files</Filter>
    </None>
    <None Include="..\log\20180823.md">
      <Filter>Log Files</Filter>
    </None>
  </ItemGroup>
</Project>