<?xml version="1.0" encoding="utf-8"?>
<Project ToolsVersion="4.0" xmlns="http://schemas.microsoft.com/developer/msbuild/2003">
  <ItemGroup>
    <Filter Include="Source Files">
      <UniqueIdentifier>{4FC737F1-C7A5-4376-A066-2A32D752A2FF}</UniqueIdentifier>
      <Extensions>cpp;c;cc;cxx;def;odl;idl;hpj;bat;asm;asmx</Extensions>
    </Filter>
    <Filter Include="Resource Files">
      <UniqueIdentifier>{67DA6AB6-F800-4c08-8B7A-83BB121AAD01}</UniqueIdentifier>
      <Extensions>rc;ico;cur;bmp;dlg;rc2;rct;bin;rgs;gif;jpg;jpeg;jpe;resx;tiff;tif;png;wav;mfcribbon-ms</Extensions>
    </Filter>
    <Filter Include="Source Files\core">
      <UniqueIdentifier>{ebc9912f-03bb-4dcf-a4ba-f447915fa71f}</UniqueIdentifier>
    </Filter>
    <Filter Include="Log Files">
      <UniqueIdentifier>{1ecb81cc-cd77-46ab-a2bc-05d8c311aa47}</UniqueIdentifier>
    </Filter>
    <Filter Include="Extend Files">
      <UniqueIdentifier>{93995380-89BD-4b04-88EB-625FBE52EBFB}</UniqueIdentifier>
      <Extensions>h;hh;hpp;hxx;hm;inl;inc;ipp;xsd</Extensions>
    </Filter>
    <Filter Include="Source Files\shapes">
      <UniqueIdentifier>{5ed22d41-2310-4b22-8e70-fd4c25b5a2d1}</UniqueIdentifier>
    </Filter>
    <Filter Include="Extend Files\lodepng">
      <UniqueIdentifier>{149acf9c-e34d-4c82-bb3b-9bb0ef518930}</UniqueIdentifier>
    </Filter>
    <Filter Include="Extend Files\pugixml">
      <UniqueIdentifier>{5d0ad2dd-8d6b-4b55-91bf-cd0aaf12d844}</UniqueIdentifier>
    </Filter>
    <Filter Include="Source Files\filters">
      <UniqueIdentifier>{d0c7ce6b-0911-46ad-ae7c-3d3201345c03}</UniqueIdentifier>
    </Filter>
    <Filter Include="Source Files\cameras">
      <UniqueIdentifier>{e491e262-363e-4829-86f9-15de0cac4e16}</UniqueIdentifier>
    </Filter>
    <Filter Include="Source Files\integrators">
      <UniqueIdentifier>{5b8e40e6-3b0e-4a36-ac28-a43c9c20a95e}</UniqueIdentifier>
    </Filter>
    <Filter Include="Source Files\accelerators">
      <UniqueIdentifier>{f1111002-91cd-4841-ad5c-cab06f6a2edd}</UniqueIdentifier>
    </Filter>
    <Filter Include="Source Files\materials">
      <UniqueIdentifier>{36a8525d-2110-47b7-b688-fe313c9a75a4}</UniqueIdentifier>
    </Filter>
    <Filter Include="Extend Files\pcg32">
      <UniqueIdentifier>{0df689f1-f236-456b-98db-9462fb28218c}</UniqueIdentifier>
    </Filter>
    <Filter Include="Source Files\samplers">
      <UniqueIdentifier>{af784d53-f15b-4026-bbe9-c486296345a2}</UniqueIdentifier>
    </Filter>
    <Filter Include="Resource Files\scenes">
      <UniqueIdentifier>{ee890398-3b13-4857-b156-3e54b36a63ad}</UniqueIdentifier>
    </Filter>
    <Filter Include="Resource Files\scenes\cbox">
      <UniqueIdentifier>{dafc31ce-b17f-4bea-9e8c-7031df2837a7}</UniqueIdentifier>
    </Filter>
    <Filter Include="Source Files\shapes\meshloaders">
      <UniqueIdentifier>{d298582f-a703-4a3b-bc24-781fdba1cffd}</UniqueIdentifier>
    </Filter>
    <Filter Include="Extend Files\tinyformat">
      <UniqueIdentifier>{87416d62-6b67-4ce1-aa9f-dab1b2b73657}</UniqueIdentifier>
    </Filter>
    <Filter Include="Extend Files\imgui">
      <UniqueIdentifier>{12ed7130-bd71-4b62-9245-646f4729d1af}</UniqueIdentifier>
    </Filter>
    <Filter Include="Extend Files\imgui\libs">
      <UniqueIdentifier>{947bffd4-c0dd-4431-a1f4-8f57d1dcd0b7}</UniqueIdentifier>
    </Filter>
    <Filter Include="Extend Files\imgui\libs\glfw">
      <UniqueIdentifier>{77e0d056-9a84-48c1-8a75-c1c2fb8766c1}</UniqueIdentifier>
    </Filter>
    <Filter Include="Extend Files\imgui\libs\glfw\include">
      <UniqueIdentifier>{2e8fce06-3d71-4124-af88-601f9a1143b0}</UniqueIdentifier>
    </Filter>
    <Filter Include="Extend Files\imgui\libs\glfw\include\GLFW">
      <UniqueIdentifier>{cb2b9e1b-c6e3-4a4a-91f4-9522eab268fc}</UniqueIdentifier>
    </Filter>
    <Filter Include="Extend Files\imgui\libs\gl3w">
      <UniqueIdentifier>{75bc31f9-980c-44e3-a16b-62889e2ae635}</UniqueIdentifier>
    </Filter>
    <Filter Include="Extend Files\imgui\libs\gl3w\GL">
      <UniqueIdentifier>{3d06908d-0898-4467-b071-ab8d1ffd8781}</UniqueIdentifier>
    </Filter>
    <Filter Include="Extend Files\stb_images">
      <UniqueIdentifier>{8a6fb0d2-58b4-4d6a-a7e7-c477dc6c0516}</UniqueIdentifier>
    </Filter>
    <Filter Include="Resource Files\scenes\motto">
      <UniqueIdentifier>{239d3106-4ba5-4ad1-a1a7-062f0ef8e953}</UniqueIdentifier>
    </Filter>
    <Filter Include="Resource Files\scenes\cornell-box">
      <UniqueIdentifier>{86c3fee0-633c-4332-89c3-022aaa784637}</UniqueIdentifier>
    </Filter>
    <Filter Include="Resource Files\scenes\veach-mis">
      <UniqueIdentifier>{401f5ceb-4b84-43a8-a4a3-38a5587f249b}</UniqueIdentifier>
    </Filter>
    <Filter Include="Resource Files\scenes\veach-bidir">
      <UniqueIdentifier>{3acef949-f8c4-4f7c-81b3-57282a40e858}</UniqueIdentifier>
    </Filter>
  </ItemGroup>
  <ItemGroup>
    <ClCompile Include="..\src\core\bbox.cpp">
      <Filter>Source Files\core</Filter>
    </ClCompile>
    <ClCompile Include="..\src\core\common.cpp">
      <Filter>Source Files\core</Filter>
    </ClCompile>
    <ClCompile Include="..\src\core\frame.cpp">
      <Filter>Source Files\core</Filter>
    </ClCompile>
    <ClCompile Include="..\src\core\ray.cpp">
      <Filter>Source Files\core</Filter>
    </ClCompile>
    <ClCompile Include="..\src\core\transform.cpp">
      <Filter>Source Files\core</Filter>
    </ClCompile>
    <ClCompile Include="..\src\core\vector.cpp">
      <Filter>Source Files\core</Filter>
    </ClCompile>
    <ClCompile Include="..\src\main.cpp">
      <Filter>Source Files</Filter>
    </ClCompile>
    <ClCompile Include="..\src\core\shape.cpp">
      <Filter>Source Files\core</Filter>
    </ClCompile>
    <ClCompile Include="..\src\core\interaction.cpp">
      <Filter>Source Files\core</Filter>
    </ClCompile>
    <ClCompile Include="..\src\shapes\sphere.cpp">
      <Filter>Source Files\shapes</Filter>
    </ClCompile>
    <ClCompile Include="..\src\shapes\triangle.cpp">
      <Filter>Source Files\shapes</Filter>
    </ClCompile>
    <ClCompile Include="..\ext\lodepng\lodepng.cpp">
      <Filter>Extend Files\lodepng</Filter>
    </ClCompile>
    <ClCompile Include="..\src\core\spectrum.cpp">
      <Filter>Source Files\core</Filter>
    </ClCompile>
    <ClCompile Include="..\src\core\parser.cpp">
      <Filter>Source Files\core</Filter>
    </ClCompile>
    <ClCompile Include="..\ext\pugixml\pugixml.cpp">
      <Filter>Extend Files\pugixml</Filter>
    </ClCompile>
    <ClCompile Include="..\src\core\object.cpp">
      <Filter>Source Files\core</Filter>
    </ClCompile>
    <ClCompile Include="..\src\core\propertylist.cpp">
      <Filter>Source Files\core</Filter>
    </ClCompile>
    <ClCompile Include="..\src\core\scene.cpp">
      <Filter>Source Files\core</Filter>
    </ClCompile>
    <ClCompile Include="..\src\core\camera.cpp">
      <Filter>Source Files\core</Filter>
    </ClCompile>
    <ClCompile Include="..\src\core\bsdf.cpp">
      <Filter>Source Files\core</Filter>
    </ClCompile>
    <ClCompile Include="..\src\core\integrator.cpp">
      <Filter>Source Files\core</Filter>
    </ClCompile>
    <ClCompile Include="..\src\core\logger.cpp">
      <Filter>Source Files\core</Filter>
    </ClCompile>
    <ClCompile Include="..\src\core\film.cpp">
      <Filter>Source Files\core</Filter>
    </ClCompile>
    <ClCompile Include="..\src\core\filter.cpp">
      <Filter>Source Files\core</Filter>
    </ClCompile>
    <ClCompile Include="..\src\filters\box.cpp">
      <Filter>Source Files\filters</Filter>
    </ClCompile>
    <ClCompile Include="..\src\filters\tent.cpp">
      <Filter>Source Files\filters</Filter>
    </ClCompile>
    <ClCompile Include="..\src\core\imageio.cpp">
      <Filter>Source Files\core</Filter>
    </ClCompile>
    <ClCompile Include="..\src\core\api.cpp">
      <Filter>Source Files\core</Filter>
    </ClCompile>
    <ClCompile Include="..\src\cameras\perspective.cpp">
      <Filter>Source Files\cameras</Filter>
    </ClCompile>
    <ClCompile Include="..\src\integrators\whitted.cpp">
      <Filter>Source Files\integrators</Filter>
    </ClCompile>
    <ClCompile Include="..\src\core\primitive.cpp">
      <Filter>Source Files\core</Filter>
    </ClCompile>
    <ClCompile Include="..\src\accelerators\bvh.cpp">
      <Filter>Source Files\accelerators</Filter>
    </ClCompile>
    <ClCompile Include="..\src\core\light.cpp">
      <Filter>Source Files\core</Filter>
    </ClCompile>
    <ClCompile Include="..\src\core\material.cpp">
      <Filter>Source Files\core</Filter>
    </ClCompile>
    <ClCompile Include="..\src\materials\matte.cpp">
      <Filter>Source Files\materials</Filter>
    </ClCompile>
    <ClCompile Include="..\src\core\sampler.cpp">
      <Filter>Source Files\core</Filter>
    </ClCompile>
    <ClCompile Include="..\src\samplers\independent.cpp">
      <Filter>Source Files\samplers</Filter>
    </ClCompile>
    <ClCompile Include="..\src\core\sampling.cpp">
      <Filter>Source Files\core</Filter>
    </ClCompile>
    <ClCompile Include="..\src\integrators\direct.cpp">
      <Filter>Source Files\integrators</Filter>
    </ClCompile>
    <ClCompile Include="..\src\integrators\path.cpp">
      <Filter>Source Files\integrators</Filter>
    </ClCompile>
    <ClCompile Include="..\src\core\timer.cpp">
      <Filter>Source Files\core</Filter>
    </ClCompile>
    <ClCompile Include="..\src\shapes\meshloaders\wavefront.cpp">
      <Filter>Source Files\shapes\meshloaders</Filter>
    </ClCompile>
    <ClCompile Include="..\ext\imgui\imgui.cpp">
      <Filter>Extend Files\imgui</Filter>
    </ClCompile>
    <ClCompile Include="..\ext\imgui\imgui_demo.cpp">
      <Filter>Extend Files\imgui</Filter>
    </ClCompile>
    <ClCompile Include="..\ext\imgui\imgui_draw.cpp">
      <Filter>Extend Files\imgui</Filter>
    </ClCompile>
    <ClCompile Include="..\ext\imgui\imgui_widgets.cpp">
      <Filter>Extend Files\imgui</Filter>
    </ClCompile>
    <ClCompile Include="..\src\core\gui.cpp">
      <Filter>Source Files\core</Filter>
    </ClCompile>
    <ClCompile Include="..\ext\imgui\examples\imgui_impl_glfw.cpp">
      <Filter>Extend Files\imgui</Filter>
    </ClCompile>
    <ClCompile Include="..\ext\imgui\examples\imgui_impl_opengl3.cpp">
      <Filter>Extend Files\imgui</Filter>
    </ClCompile>
    <ClCompile Include="..\ext\imgui\examples\libs\gl3w\GL\gl3w.c">
      <Filter>Extend Files\imgui\libs\gl3w\GL</Filter>
    </ClCompile>
    <ClCompile Include="..\src\materials\mirror.cpp">
      <Filter>Source Files\materials</Filter>
    </ClCompile>
    <ClCompile Include="..\src\core\memory.cpp">
      <Filter>Source Files\core</Filter>
    </ClCompile>
    <ClCompile Include="..\src\materials\glass.cpp">
      <Filter>Source Files\materials</Filter>
    </ClCompile>
    <ClCompile Include="..\src\core\microfacet.cpp">
      <Filter>Source Files\core</Filter>
    </ClCompile>
    <ClCompile Include="..\src\materials\roughconductor.cpp">
      <Filter>Source Files\materials</Filter>
    </ClCompile>
  </ItemGroup>
  <ItemGroup>
    <ClInclude Include="..\src\core\bbox.h">
      <Filter>Source Files\core</Filter>
    </ClInclude>
    <ClInclude Include="..\src\core\common.h">
      <Filter>Source Files\core</Filter>
    </ClInclude>
    <ClInclude Include="..\src\core\frame.h">
      <Filter>Source Files\core</Filter>
    </ClInclude>
    <ClInclude Include="..\src\core\ray.h">
      <Filter>Source Files\core</Filter>
    </ClInclude>
    <ClInclude Include="..\src\core\transform.h">
      <Filter>Source Files\core</Filter>
    </ClInclude>
    <ClInclude Include="..\src\core\vector.h">
      <Filter>Source Files\core</Filter>
    </ClInclude>
    <ClInclude Include="..\src\core\shape.h">
      <Filter>Source Files\core</Filter>
    </ClInclude>
    <ClInclude Include="..\src\core\interaction.h">
      <Filter>Source Files\core</Filter>
    </ClInclude>
    <ClInclude Include="..\src\shapes\sphere.h">
      <Filter>Source Files\shapes</Filter>
    </ClInclude>
    <ClInclude Include="..\src\shapes\triangle.h">
      <Filter>Source Files\shapes</Filter>
    </ClInclude>
    <ClInclude Include="..\ext\lodepng\lodepng.h">
      <Filter>Extend Files\lodepng</Filter>
    </ClInclude>
    <ClInclude Include="..\src\core\spectrum.h">
      <Filter>Source Files\core</Filter>
    </ClInclude>
    <ClInclude Include="..\src\core\parser.h">
      <Filter>Source Files\core</Filter>
    </ClInclude>
    <ClInclude Include="..\ext\pugixml\pugiconfig.hpp">
      <Filter>Extend Files\pugixml</Filter>
    </ClInclude>
    <ClInclude Include="..\ext\pugixml\pugixml.hpp">
      <Filter>Extend Files\pugixml</Filter>
    </ClInclude>
    <ClInclude Include="..\src\core\object.h">
      <Filter>Source Files\core</Filter>
    </ClInclude>
    <ClInclude Include="..\src\core\propertylist.h">
      <Filter>Source Files\core</Filter>
    </ClInclude>
    <ClInclude Include="..\src\core\scene.h">
      <Filter>Source Files\core</Filter>
    </ClInclude>
    <ClInclude Include="..\src\core\camera.h">
      <Filter>Source Files\core</Filter>
    </ClInclude>
    <ClInclude Include="..\src\core\bsdf.h">
      <Filter>Source Files\core</Filter>
    </ClInclude>
    <ClInclude Include="..\src\core\integrator.h">
      <Filter>Source Files\core</Filter>
    </ClInclude>
    <ClInclude Include="..\src\core\logger.h">
      <Filter>Source Files\core</Filter>
    </ClInclude>
    <ClInclude Include="..\src\core\rainbow.h">
      <Filter>Source Files\core</Filter>
    </ClInclude>
    <ClInclude Include="..\src\core\film.h">
      <Filter>Source Files\core</Filter>
    </ClInclude>
    <ClInclude Include="..\src\core\filter.h">
      <Filter>Source Files\core</Filter>
    </ClInclude>
    <ClInclude Include="..\src\filters\box.h">
      <Filter>Source Files\filters</Filter>
    </ClInclude>
    <ClInclude Include="..\src\filters\tent.h">
      <Filter>Source Files\filters</Filter>
    </ClInclude>
    <ClInclude Include="..\src\core\imageio.h">
      <Filter>Source Files\core</Filter>
    </ClInclude>
    <ClInclude Include="..\src\core\api.h">
      <Filter>Source Files\core</Filter>
    </ClInclude>
    <ClInclude Include="..\src\cameras\perspective.h">
      <Filter>Source Files\cameras</Filter>
    </ClInclude>
    <ClInclude Include="..\src\integrators\whitted.h">
      <Filter>Source Files\integrators</Filter>
    </ClInclude>
    <ClInclude Include="..\src\core\primitive.h">
      <Filter>Source Files\core</Filter>
    </ClInclude>
    <ClInclude Include="..\src\accelerators\bvh.h">
      <Filter>Source Files\accelerators</Filter>
    </ClInclude>
    <ClInclude Include="..\src\core\light.h">
      <Filter>Source Files\core</Filter>
    </ClInclude>
    <ClInclude Include="..\src\core\material.h">
      <Filter>Source Files\core</Filter>
    </ClInclude>
    <ClInclude Include="..\src\materials\matte.h">
      <Filter>Source Files\materials</Filter>
    </ClInclude>
    <ClInclude Include="..\src\core\sampler.h">
      <Filter>Source Files\core</Filter>
    </ClInclude>
    <ClInclude Include="..\ext\pcg32\pcg32.h">
      <Filter>Extend Files\pcg32</Filter>
    </ClInclude>
    <ClInclude Include="..\src\samplers\independent.h">
      <Filter>Source Files\samplers</Filter>
    </ClInclude>
    <ClInclude Include="..\src\core\sampling.h">
      <Filter>Source Files\core</Filter>
    </ClInclude>
    <ClInclude Include="..\src\integrators\direct.h">
      <Filter>Source Files\integrators</Filter>
    </ClInclude>
    <ClInclude Include="..\src\integrators\path.h">
      <Filter>Source Files\integrators</Filter>
    </ClInclude>
    <ClInclude Include="..\src\core\timer.h">
      <Filter>Source Files\core</Filter>
    </ClInclude>
    <ClInclude Include="..\src\shapes\meshloaders\wavefront.h">
      <Filter>Source Files\shapes\meshloaders</Filter>
    </ClInclude>
    <ClInclude Include="..\ext\tinyformat.h">
      <Filter>Extend Files\tinyformat</Filter>
    </ClInclude>
    <ClInclude Include="..\ext\imgui\imconfig.h">
      <Filter>Extend Files\imgui</Filter>
    </ClInclude>
    <ClInclude Include="..\ext\imgui\imgui.h">
      <Filter>Extend Files\imgui</Filter>
    </ClInclude>
    <ClInclude Include="..\ext\imgui\imgui_internal.h">
      <Filter>Extend Files\imgui</Filter>
    </ClInclude>
    <ClInclude Include="..\ext\imgui\imstb_rectpack.h">
      <Filter>Extend Files\imgui</Filter>
    </ClInclude>
    <ClInclude Include="..\ext\imgui\imstb_textedit.h">
      <Filter>Extend Files\imgui</Filter>
    </ClInclude>
    <ClInclude Include="..\ext\imgui\imstb_truetype.h">
      <Filter>Extend Files\imgui</Filter>
    </ClInclude>
    <ClInclude Include="..\src\core\gui.h">
      <Filter>Source Files\core</Filter>
    </ClInclude>
    <ClInclude Include="..\ext\imgui\examples\imgui_impl_glfw.h">
      <Filter>Extend Files\imgui</Filter>
    </ClInclude>
    <ClInclude Include="..\ext\imgui\examples\imgui_impl_opengl3.h">
      <Filter>Extend Files\imgui</Filter>
    </ClInclude>
    <ClInclude Include="..\ext\imgui\examples\libs\glfw\include\GLFW\glfw3.h">
      <Filter>Extend Files\imgui\libs\glfw\include\GLFW</Filter>
    </ClInclude>
    <ClInclude Include="..\ext\imgui\examples\libs\glfw\include\GLFW\glfw3native.h">
      <Filter>Extend Files\imgui\libs\glfw\include\GLFW</Filter>
    </ClInclude>
    <ClInclude Include="..\ext\imgui\examples\libs\gl3w\GL\gl3w.h">
      <Filter>Extend Files\imgui\libs\gl3w\GL</Filter>
    </ClInclude>
    <ClInclude Include="..\ext\imgui\examples\libs\gl3w\GL\glcorearb.h">
      <Filter>Extend Files\imgui\libs\gl3w\GL</Filter>
    </ClInclude>
    <ClInclude Include="..\ext\stb_images\stb_image.h">
      <Filter>Extend Files\stb_images</Filter>
    </ClInclude>
    <ClInclude Include="..\ext\stb_images\stb_image_write.h">
      <Filter>Extend Files\stb_images</Filter>
    </ClInclude>
    <ClInclude Include="..\src\materials\mirror.h">
      <Filter>Source Files\materials</Filter>
    </ClInclude>
    <ClInclude Include="..\src\core\memory.h">
      <Filter>Source Files\core</Filter>
    </ClInclude>
    <ClInclude Include="..\src\materials\glass.h">
      <Filter>Source Files\materials</Filter>
    </ClInclude>
    <ClInclude Include="..\src\core\microfacet.h">
      <Filter>Source Files\core</Filter>
    </ClInclude>
    <ClInclude Include="..\src\materials\roughconductor.h">
      <Filter>Source Files\materials</Filter>
    </ClInclude>
  </ItemGroup>
  <ItemGroup>
    <None Include="..\log\20180811.md">
      <Filter>Log Files</Filter>
    </None>
    <None Include="..\log\20180813.md">
      <Filter>Log Files</Filter>
    </None>
    <None Include="..\log\20180814.md">
      <Filter>Log Files</Filter>
    </None>
    <None Include="..\log\20180815.md">
      <Filter>Log Files</Filter>
    </None>
    <None Include="..\log\20180820.md">
      <Filter>Log Files</Filter>
    </None>
    <None Include="..\log\20180822.md">
      <Filter>Log Files</Filter>
    </None>
    <None Include="..\log\20180827.md">
      <Filter>Log Files</Filter>
    </None>
    <None Include="..\log\20180828.md">
      <Filter>Log Files</Filter>
    </None>
    <None Include="..\log\20180823.md">
      <Filter>Log Files</Filter>
    </None>
    <None Include="..\log\20180922.md">
      <Filter>Log Files</Filter>
    </None>
    <None Include="..\log\20180924.md">
      <Filter>Log Files</Filter>
    </None>
    <None Include="..\log\20181011.md">
      <Filter>Log Files</Filter>
    </None>
    <None Include="..\log\20181120.md">
      <Filter>Log Files</Filter>
    </None>
    <None Include="..\ext\imgui\.travis.yml">
      <Filter>Extend Files\imgui</Filter>
    </None>
  </ItemGroup>
  <ItemGroup>
    <Xml Include="..\scenes\cbox\cbox-distributed.xml">
      <Filter>Resource Files\scenes\cbox</Filter>
    </Xml>
    <Xml Include="..\scenes\cbox\cbox-whitted.xml">
      <Filter>Resource Files\scenes\cbox</Filter>
    </Xml>
    <Xml Include="..\scenes\cbox\cbox-whitted-mirror.xml">
      <Filter>Resource Files\scenes\cbox</Filter>
    </Xml>
    <Xml Include="..\scenes\motto\motto-dielectric.xml">
      <Filter>Resource Files\scenes\motto</Filter>
    </Xml>
    <Xml Include="..\scenes\motto\motto-diffuse.xml">
      <Filter>Resource Files\scenes\motto</Filter>
    </Xml>
    <Xml Include="..\scenes\motto\motto-mirror.xml">
      <Filter>Resource Files\scenes\motto</Filter>
    </Xml>
    <Xml Include="..\scenes\cornell-box\scene.xml">
      <Filter>Resource Files\scenes\cornell-box</Filter>
    </Xml>
    <Xml Include="..\scenes\veach-mis\scene.xml">
      <Filter>Resource Files\scenes\veach-mis</Filter>
    </Xml>
    <Xml Include="..\scenes\veach-bidir\scene.xml">
      <Filter>Resource Files\scenes\veach-bidir</Filter>
    </Xml>
  </ItemGroup>
  <ItemGroup>
    <Text Include="..\ext\imgui\LICENSE.txt">
      <Filter>Extend Files\imgui</Filter>
    </Text>
  </ItemGroup>
</Project>