<?xml version="1.0" encoding="utf-8"?>
<Project ToolsVersion="15.0" xmlns="http://schemas.microsoft.com/developer/msbuild/2003">
  <ItemGroup>
    <ClCompile Include="F:\Document\Graphics\code\pbrt-v3\src\ext\glog\src\demangle.cc">
      <Filter>Source Files</Filter>
    </ClCompile>
    <ClCompile Include="F:\Document\Graphics\code\pbrt-v3\src\ext\glog\src\logging.cc">
      <Filter>Source Files</Filter>
    </ClCompile>
    <ClCompile Include="F:\Document\Graphics\code\pbrt-v3\src\ext\glog\src\raw_logging.cc">
      <Filter>Source Files</Filter>
    </ClCompile>
    <ClCompile Include="F:\Document\Graphics\code\pbrt-v3\src\ext\glog\src\symbolize.cc">
      <Filter>Source Files</Filter>
    </ClCompile>
    <ClCompile Include="F:\Document\Graphics\code\pbrt-v3\src\ext\glog\src\utilities.cc">
      <Filter>Source Files</Filter>
    </ClCompile>
    <ClCompile Include="F:\Document\Graphics\code\pbrt-v3\src\ext\glog\src\vlog_is_on.cc">
      <Filter>Source Files</Filter>
    </ClCompile>
    <ClCompile Include="F:\Document\Graphics\code\pbrt-v3\src\ext\glog\src\windows\port.cc">
      <Filter>Source Files</Filter>
    </ClCompile>
  </ItemGroup>
  <ItemGroup>
    <ClInclude Include="F:\Document\Graphics\code\pbrt-v3\build\src\ext\glog\config.h">
      <Filter>Header Files</Filter>
    </ClInclude>
    <ClInclude Include="F:\Document\Graphics\code\pbrt-v3\build\src\ext\glog\glog\logging.h">
      <Filter>Header Files</Filter>
    </ClInclude>
    <ClInclude Include="F:\Document\Graphics\code\pbrt-v3\build\src\ext\glog\glog\raw_logging.h">
      <Filter>Header Files</Filter>
    </ClInclude>
    <ClInclude Include="F:\Document\Graphics\code\pbrt-v3\build\src\ext\glog\glog\stl_logging.h">
      <Filter>Header Files</Filter>
    </ClInclude>
    <ClInclude Include="F:\Document\Graphics\code\pbrt-v3\build\src\ext\glog\glog\vlog_is_on.h">
      <Filter>Header Files</Filter>
    </ClInclude>
    <ClInclude Include="F:\Document\Graphics\code\pbrt-v3\src\ext\glog\src\glog\log_severity.h">
      <Filter>Header Files</Filter>
    </ClInclude>
    <ClInclude Include="F:\Document\Graphics\code\pbrt-v3\src\ext\glog\src\base\commandlineflags.h">
      <Filter>Header Files</Filter>
    </ClInclude>
    <ClInclude Include="F:\Document\Graphics\code\pbrt-v3\src\ext\glog\src\base\googleinit.h">
      <Filter>Header Files</Filter>
    </ClInclude>
    <ClInclude Include="F:\Document\Graphics\code\pbrt-v3\src\ext\glog\src\base\mutex.h">
      <Filter>Header Files</Filter>
    </ClInclude>
    <ClInclude Include="F:\Document\Graphics\code\pbrt-v3\src\ext\glog\src\demangle.h">
      <Filter>Header Files</Filter>
    </ClInclude>
    <ClInclude Include="F:\Document\Graphics\code\pbrt-v3\src\ext\glog\src\symbolize.h">
      <Filter>Header Files</Filter>
    </ClInclude>
    <ClInclude Include="F:\Document\Graphics\code\pbrt-v3\src\ext\glog\src\utilities.h">
      <Filter>Header Files</Filter>
    </ClInclude>
    <ClInclude Include="F:\Document\Graphics\code\pbrt-v3\src\ext\glog\src\windows\port.h">
      <Filter>Header Files</Filter>
    </ClInclude>
  </ItemGroup>
  <ItemGroup>
    <CustomBuild Include="F:\Document\Graphics\code\pbrt-v3\src\ext\glog\CMakeLists.txt" />
  </ItemGroup>
  <ItemGroup>
    <Filter Include="Header Files">
      <UniqueIdentifier>{B3628BC0-85E1-369F-BFD7-668DC626CFBE}</UniqueIdentifier>
    </Filter>
    <Filter Include="Source Files">
      <UniqueIdentifier>{C0CDADE1-7F98-3E0F-8650-D3785E845870}</UniqueIdentifier>
    </Filter>
  </ItemGroup>
</Project>
