Microsoft Visual Studio Solution File, Format Version 12.00
# Visual Studio 15
Project("{2150E333-8FDC-42A3-9474-1A3956D46DE8}") = "CMakePredefinedTargets", "CMakePredefinedTargets", "{42C09CE7-8D22-32C7-B912-39C857CB40AB}"
EndProject
Project("{2150E333-8FDC-42A3-9474-1A3956D46DE8}") = "ext", "ext", "{307A3E04-9FF6-3742-AE2F-2BC41631EE75}"
EndProject
Project("{8BC9CEB8-8B4A-11D0-8D11-00A0C91BC942}") = "ALL_BUILD", "ALL_BUILD.vcxproj", "{F82B9F16-6C11-357D-9722-487B8FB8CCAC}"
	ProjectSection(ProjectDependencies) = postProject
		{EEAA220C-233E-3AF9-918E-AAFBEE377C52} = {EEAA220C-233E-3AF9-918E-AAFBEE377C52}
		{B3534353-9DD5-35C2-873F-F6907BEA91E9} = {B3534353-9DD5-35C2-873F-F6907BEA91E9}
		{841994B6-88F3-3116-B6B9-5259A16453D9} = {841994B6-88F3-3116-B6B9-5259A16453D9}
		{0935971B-D490-3BB0-A3D4-EA3F360C54FD} = {0935971B-D490-3BB0-A3D4-EA3F360C54FD}
		{5292ECEA-4036-3099-BA87-FB88BD834910} = {5292ECEA-4036-3099-BA87-FB88BD834910}
		{F7980B81-3B68-3488-A55D-6C568B52F7AD} = {F7980B81-3B68-3488-A55D-6C568B52F7AD}
	EndProjectSection
EndProject
Project("{8BC9CEB8-8B4A-11D0-8D11-00A0C91BC942}") = "INSTALL", "INSTALL.vcxproj", "{C5026F82-C373-328C-B440-4F3583C4C973}"
	ProjectSection(ProjectDependencies) = postProject
		{F82B9F16-6C11-357D-9722-487B8FB8CCAC} = {F82B9F16-6C11-357D-9722-487B8FB8CCAC}
		{EEAA220C-233E-3AF9-918E-AAFBEE377C52} = {EEAA220C-233E-3AF9-918E-AAFBEE377C52}
	EndProjectSection
EndProject
Project("{8BC9CEB8-8B4A-11D0-8D11-00A0C91BC942}") = "PACKAGE", "PACKAGE.vcxproj", "{D01CA49F-FB6F-3D4C-B45E-3087B17D089B}"
	ProjectSection(ProjectDependencies) = postProject
		{F82B9F16-6C11-357D-9722-487B8FB8CCAC} = {F82B9F16-6C11-357D-9722-487B8FB8CCAC}
		{EEAA220C-233E-3AF9-918E-AAFBEE377C52} = {EEAA220C-233E-3AF9-918E-AAFBEE377C52}
	EndProjectSection
EndProject
Project("{8BC9CEB8-8B4A-11D0-8D11-00A0C91BC942}") = "RUN_TESTS", "RUN_TESTS.vcxproj", "{C4193390-551C-3484-894A-504605930269}"
	ProjectSection(ProjectDependencies) = postProject
		{EEAA220C-233E-3AF9-918E-AAFBEE377C52} = {EEAA220C-233E-3AF9-918E-AAFBEE377C52}
	EndProjectSection
EndProject
Project("{8BC9CEB8-8B4A-11D0-8D11-00A0C91BC942}") = "ZERO_CHECK", "..\..\..\\ZERO_CHECK.vcxproj", "{EEAA220C-233E-3AF9-918E-AAFBEE377C52}"
	ProjectSection(ProjectDependencies) = postProject
	EndProjectSection
EndProject
Project("{8BC9CEB8-8B4A-11D0-8D11-00A0C91BC942}") = "demangle_unittest", "demangle_unittest.vcxproj", "{B3534353-9DD5-35C2-873F-F6907BEA91E9}"
	ProjectSection(ProjectDependencies) = postProject
		{EEAA220C-233E-3AF9-918E-AAFBEE377C52} = {EEAA220C-233E-3AF9-918E-AAFBEE377C52}
		{841994B6-88F3-3116-B6B9-5259A16453D9} = {841994B6-88F3-3116-B6B9-5259A16453D9}
	EndProjectSection
EndProject
Project("{8BC9CEB8-8B4A-11D0-8D11-00A0C91BC942}") = "glog", "glog.vcxproj", "{841994B6-88F3-3116-B6B9-5259A16453D9}"
	ProjectSection(ProjectDependencies) = postProject
		{EEAA220C-233E-3AF9-918E-AAFBEE377C52} = {EEAA220C-233E-3AF9-918E-AAFBEE377C52}
	EndProjectSection
EndProject
Project("{8BC9CEB8-8B4A-11D0-8D11-00A0C91BC942}") = "logging_unittest", "logging_unittest.vcxproj", "{0935971B-D490-3BB0-A3D4-EA3F360C54FD}"
	ProjectSection(ProjectDependencies) = postProject
		{EEAA220C-233E-3AF9-918E-AAFBEE377C52} = {EEAA220C-233E-3AF9-918E-AAFBEE377C52}
		{841994B6-88F3-3116-B6B9-5259A16453D9} = {841994B6-88F3-3116-B6B9-5259A16453D9}
	EndProjectSection
EndProject
Project("{8BC9CEB8-8B4A-11D0-8D11-00A0C91BC942}") = "stl_logging_unittest", "stl_logging_unittest.vcxproj", "{5292ECEA-4036-3099-BA87-FB88BD834910}"
	ProjectSection(ProjectDependencies) = postProject
		{EEAA220C-233E-3AF9-918E-AAFBEE377C52} = {EEAA220C-233E-3AF9-918E-AAFBEE377C52}
		{841994B6-88F3-3116-B6B9-5259A16453D9} = {841994B6-88F3-3116-B6B9-5259A16453D9}
	EndProjectSection
EndProject
Project("{8BC9CEB8-8B4A-11D0-8D11-00A0C91BC942}") = "utilities_unittest", "utilities_unittest.vcxproj", "{F7980B81-3B68-3488-A55D-6C568B52F7AD}"
	ProjectSection(ProjectDependencies) = postProject
		{EEAA220C-233E-3AF9-918E-AAFBEE377C52} = {EEAA220C-233E-3AF9-918E-AAFBEE377C52}
		{841994B6-88F3-3116-B6B9-5259A16453D9} = {841994B6-88F3-3116-B6B9-5259A16453D9}
	EndProjectSection
EndProject
Global
	GlobalSection(SolutionConfigurationPlatforms) = preSolution
		Debug|Win32 = Debug|Win32
		Release|Win32 = Release|Win32
		MinSizeRel|Win32 = MinSizeRel|Win32
		RelWithDebInfo|Win32 = RelWithDebInfo|Win32
	EndGlobalSection
	GlobalSection(ProjectConfigurationPlatforms) = postSolution
		{F82B9F16-6C11-357D-9722-487B8FB8CCAC}.Debug|Win32.ActiveCfg = Debug|Win32
		{F82B9F16-6C11-357D-9722-487B8FB8CCAC}.Debug|Win32.Build.0 = Debug|Win32
		{F82B9F16-6C11-357D-9722-487B8FB8CCAC}.Release|Win32.ActiveCfg = Release|Win32
		{F82B9F16-6C11-357D-9722-487B8FB8CCAC}.Release|Win32.Build.0 = Release|Win32
		{F82B9F16-6C11-357D-9722-487B8FB8CCAC}.MinSizeRel|Win32.ActiveCfg = MinSizeRel|Win32
		{F82B9F16-6C11-357D-9722-487B8FB8CCAC}.MinSizeRel|Win32.Build.0 = MinSizeRel|Win32
		{F82B9F16-6C11-357D-9722-487B8FB8CCAC}.RelWithDebInfo|Win32.ActiveCfg = RelWithDebInfo|Win32
		{F82B9F16-6C11-357D-9722-487B8FB8CCAC}.RelWithDebInfo|Win32.Build.0 = RelWithDebInfo|Win32
		{C5026F82-C373-328C-B440-4F3583C4C973}.Debug|Win32.ActiveCfg = Debug|Win32
		{C5026F82-C373-328C-B440-4F3583C4C973}.Release|Win32.ActiveCfg = Release|Win32
		{C5026F82-C373-328C-B440-4F3583C4C973}.MinSizeRel|Win32.ActiveCfg = MinSizeRel|Win32
		{C5026F82-C373-328C-B440-4F3583C4C973}.RelWithDebInfo|Win32.ActiveCfg = RelWithDebInfo|Win32
		{D01CA49F-FB6F-3D4C-B45E-3087B17D089B}.Debug|Win32.ActiveCfg = Debug|Win32
		{D01CA49F-FB6F-3D4C-B45E-3087B17D089B}.Release|Win32.ActiveCfg = Release|Win32
		{D01CA49F-FB6F-3D4C-B45E-3087B17D089B}.MinSizeRel|Win32.ActiveCfg = MinSizeRel|Win32
		{D01CA49F-FB6F-3D4C-B45E-3087B17D089B}.RelWithDebInfo|Win32.ActiveCfg = RelWithDebInfo|Win32
		{C4193390-551C-3484-894A-504605930269}.Debug|Win32.ActiveCfg = Debug|Win32
		{C4193390-551C-3484-894A-504605930269}.Release|Win32.ActiveCfg = Release|Win32
		{C4193390-551C-3484-894A-504605930269}.MinSizeRel|Win32.ActiveCfg = MinSizeRel|Win32
		{C4193390-551C-3484-894A-504605930269}.RelWithDebInfo|Win32.ActiveCfg = RelWithDebInfo|Win32
		{EEAA220C-233E-3AF9-918E-AAFBEE377C52}.Debug|Win32.ActiveCfg = Debug|Win32
		{EEAA220C-233E-3AF9-918E-AAFBEE377C52}.Debug|Win32.Build.0 = Debug|Win32
		{EEAA220C-233E-3AF9-918E-AAFBEE377C52}.Release|Win32.ActiveCfg = Release|Win32
		{EEAA220C-233E-3AF9-918E-AAFBEE377C52}.Release|Win32.Build.0 = Release|Win32
		{EEAA220C-233E-3AF9-918E-AAFBEE377C52}.MinSizeRel|Win32.ActiveCfg = MinSizeRel|Win32
		{EEAA220C-233E-3AF9-918E-AAFBEE377C52}.MinSizeRel|Win32.Build.0 = MinSizeRel|Win32
		{EEAA220C-233E-3AF9-918E-AAFBEE377C52}.RelWithDebInfo|Win32.ActiveCfg = RelWithDebInfo|Win32
		{EEAA220C-233E-3AF9-918E-AAFBEE377C52}.RelWithDebInfo|Win32.Build.0 = RelWithDebInfo|Win32
		{B3534353-9DD5-35C2-873F-F6907BEA91E9}.Debug|Win32.ActiveCfg = Debug|Win32
		{B3534353-9DD5-35C2-873F-F6907BEA91E9}.Debug|Win32.Build.0 = Debug|Win32
		{B3534353-9DD5-35C2-873F-F6907BEA91E9}.Release|Win32.ActiveCfg = Release|Win32
		{B3534353-9DD5-35C2-873F-F6907BEA91E9}.Release|Win32.Build.0 = Release|Win32
		{B3534353-9DD5-35C2-873F-F6907BEA91E9}.MinSizeRel|Win32.ActiveCfg = MinSizeRel|Win32
		{B3534353-9DD5-35C2-873F-F6907BEA91E9}.MinSizeRel|Win32.Build.0 = MinSizeRel|Win32
		{B3534353-9DD5-35C2-873F-F6907BEA91E9}.RelWithDebInfo|Win32.ActiveCfg = RelWithDebInfo|Win32
		{B3534353-9DD5-35C2-873F-F6907BEA91E9}.RelWithDebInfo|Win32.Build.0 = RelWithDebInfo|Win32
		{841994B6-88F3-3116-B6B9-5259A16453D9}.Debug|Win32.ActiveCfg = Debug|Win32
		{841994B6-88F3-3116-B6B9-5259A16453D9}.Debug|Win32.Build.0 = Debug|Win32
		{841994B6-88F3-3116-B6B9-5259A16453D9}.Release|Win32.ActiveCfg = Release|Win32
		{841994B6-88F3-3116-B6B9-5259A16453D9}.Release|Win32.Build.0 = Release|Win32
		{841994B6-88F3-3116-B6B9-5259A16453D9}.MinSizeRel|Win32.ActiveCfg = MinSizeRel|Win32
		{841994B6-88F3-3116-B6B9-5259A16453D9}.MinSizeRel|Win32.Build.0 = MinSizeRel|Win32
		{841994B6-88F3-3116-B6B9-5259A16453D9}.RelWithDebInfo|Win32.ActiveCfg = RelWithDebInfo|Win32
		{841994B6-88F3-3116-B6B9-5259A16453D9}.RelWithDebInfo|Win32.Build.0 = RelWithDebInfo|Win32
		{0935971B-D490-3BB0-A3D4-EA3F360C54FD}.Debug|Win32.ActiveCfg = Debug|Win32
		{0935971B-D490-3BB0-A3D4-EA3F360C54FD}.Debug|Win32.Build.0 = Debug|Win32
		{0935971B-D490-3BB0-A3D4-EA3F360C54FD}.Release|Win32.ActiveCfg = Release|Win32
		{0935971B-D490-3BB0-A3D4-EA3F360C54FD}.Release|Win32.Build.0 = Release|Win32
		{0935971B-D490-3BB0-A3D4-EA3F360C54FD}.MinSizeRel|Win32.ActiveCfg = MinSizeRel|Win32
		{0935971B-D490-3BB0-A3D4-EA3F360C54FD}.MinSizeRel|Win32.Build.0 = MinSizeRel|Win32
		{0935971B-D490-3BB0-A3D4-EA3F360C54FD}.RelWithDebInfo|Win32.ActiveCfg = RelWithDebInfo|Win32
		{0935971B-D490-3BB0-A3D4-EA3F360C54FD}.RelWithDebInfo|Win32.Build.0 = RelWithDebInfo|Win32
		{5292ECEA-4036-3099-BA87-FB88BD834910}.Debug|Win32.ActiveCfg = Debug|Win32
		{5292ECEA-4036-3099-BA87-FB88BD834910}.Debug|Win32.Build.0 = Debug|Win32
		{5292ECEA-4036-3099-BA87-FB88BD834910}.Release|Win32.ActiveCfg = Release|Win32
		{5292ECEA-4036-3099-BA87-FB88BD834910}.Release|Win32.Build.0 = Release|Win32
		{5292ECEA-4036-3099-BA87-FB88BD834910}.MinSizeRel|Win32.ActiveCfg = MinSizeRel|Win32
		{5292ECEA-4036-3099-BA87-FB88BD834910}.MinSizeRel|Win32.Build.0 = MinSizeRel|Win32
		{5292ECEA-4036-3099-BA87-FB88BD834910}.RelWithDebInfo|Win32.ActiveCfg = RelWithDebInfo|Win32
		{5292ECEA-4036-3099-BA87-FB88BD834910}.RelWithDebInfo|Win32.Build.0 = RelWithDebInfo|Win32
		{F7980B81-3B68-3488-A55D-6C568B52F7AD}.Debug|Win32.ActiveCfg = Debug|Win32
		{F7980B81-3B68-3488-A55D-6C568B52F7AD}.Debug|Win32.Build.0 = Debug|Win32
		{F7980B81-3B68-3488-A55D-6C568B52F7AD}.Release|Win32.ActiveCfg = Release|Win32
		{F7980B81-3B68-3488-A55D-6C568B52F7AD}.Release|Win32.Build.0 = Release|Win32
		{F7980B81-3B68-3488-A55D-6C568B52F7AD}.MinSizeRel|Win32.ActiveCfg = MinSizeRel|Win32
		{F7980B81-3B68-3488-A55D-6C568B52F7AD}.MinSizeRel|Win32.Build.0 = MinSizeRel|Win32
		{F7980B81-3B68-3488-A55D-6C568B52F7AD}.RelWithDebInfo|Win32.ActiveCfg = RelWithDebInfo|Win32
		{F7980B81-3B68-3488-A55D-6C568B52F7AD}.RelWithDebInfo|Win32.Build.0 = RelWithDebInfo|Win32
	EndGlobalSection
	GlobalSection(NestedProjects) = preSolution
		{F82B9F16-6C11-357D-9722-487B8FB8CCAC} = {42C09CE7-8D22-32C7-B912-39C857CB40AB}
		{C5026F82-C373-328C-B440-4F3583C4C973} = {42C09CE7-8D22-32C7-B912-39C857CB40AB}
		{D01CA49F-FB6F-3D4C-B45E-3087B17D089B} = {42C09CE7-8D22-32C7-B912-39C857CB40AB}
		{C4193390-551C-3484-894A-504605930269} = {42C09CE7-8D22-32C7-B912-39C857CB40AB}
		{EEAA220C-233E-3AF9-918E-AAFBEE377C52} = {42C09CE7-8D22-32C7-B912-39C857CB40AB}
		{B3534353-9DD5-35C2-873F-F6907BEA91E9} = {307A3E04-9FF6-3742-AE2F-2BC41631EE75}
		{841994B6-88F3-3116-B6B9-5259A16453D9} = {307A3E04-9FF6-3742-AE2F-2BC41631EE75}
		{0935971B-D490-3BB0-A3D4-EA3F360C54FD} = {307A3E04-9FF6-3742-AE2F-2BC41631EE75}
		{5292ECEA-4036-3099-BA87-FB88BD834910} = {307A3E04-9FF6-3742-AE2F-2BC41631EE75}
		{F7980B81-3B68-3488-A55D-6C568B52F7AD} = {307A3E04-9FF6-3742-AE2F-2BC41631EE75}
	EndGlobalSection
	GlobalSection(ExtensibilityGlobals) = postSolution
		SolutionGuid = {AC4CACAF-C851-3EF3-A2FA-210034FD0D88}
	EndGlobalSection
	GlobalSection(ExtensibilityAddIns) = postSolution
	EndGlobalSection
EndGlobal
