<?xml version="1.0" encoding="utf-8"?>
<Project ToolsVersion="15.0" xmlns="http://schemas.microsoft.com/developer/msbuild/2003">
  <ItemGroup>
    <ClCompile Include="F:\Document\Graphics\code\pbrt-v3\src\ext\glog\src\stl_logging_unittest.cc">
      <Filter>Source Files</Filter>
    </ClCompile>
  </ItemGroup>
  <ItemGroup>
    <CustomBuild Include="F:\Document\Graphics\code\pbrt-v3\src\ext\glog\CMakeLists.txt" />
  </ItemGroup>
  <ItemGroup>
    <Filter Include="Source Files">
      <UniqueIdentifier>{C0CDADE1-7F98-3E0F-8650-D3785E845870}</UniqueIdentifier>
    </Filter>
  </ItemGroup>
</Project>
